
Microsoft Visual Studio Solution File, Format Version 12.00
# Visual Studio Version 16
VisualStudioVersion = 25.0.1705.4
MinimumVisualStudioVersion = 10.0.40219.1
Project("{FAE04EC0-301F-11D3-BF4B-00C04F79EFBC}") = "TestGitHub", "TestGitHub\TestGitHub.csproj", "{5CECDF1D-4748-4212-B8BA-14FC176C561E}"
EndProject
Global
	GlobalSection(SolutionConfigurationPlatforms) = preSolution
		Debug|Any CPU = Debug|Any CPU
		Release|Any CPU = Release|Any CPU
	EndGlobalSection
	GlobalSection(ProjectConfigurationPlatforms) = postSolution
		{5CECDF1D-4748-4212-B8BA-14FC176C561E}.Debug|Any CPU.ActiveCfg = Debug|Any CPU
		{5CECDF1D-4748-4212-B8BA-14FC176C561E}.Debug|Any CPU.Build.0 = Debug|Any CPU
		{5CECDF1D-4748-4212-B8BA-14FC176C561E}.Release|Any CPU.ActiveCfg = Release|Any CPU
		{5CECDF1D-4748-4212-B8BA-14FC176C561E}.Release|Any CPU.Build.0 = Release|Any CPU
	EndGlobalSection
	GlobalSection(SolutionProperties) = preSolution
		HideSolutionNode = FALSE
	EndGlobalSection
	GlobalSection(ExtensibilityGlobals) = postSolution
		SolutionGuid = {D6377F91-AD34-419A-A404-4181C172487A}
	EndGlobalSection
EndGlobal
